
Microsoft Visual Studio Solution File, Format Version 12.00
# Visual Studio Version 16
VisualStudioVersion = 16.0.31025.194
MinimumVisualStudioVersion = 10.0.40219.1
Project("{FAE04EC0-301F-11D3-BF4B-00C04F79EFBC}") = "Entity", "Entity\Entity.csproj", "{E9AAE5C9-615A-4B50-8C7F-DF75D04D3A50}"
EndProject
Project("{FAE04EC0-301F-11D3-BF4B-00C04F79EFBC}") = "Business", "Business\Business.csproj", "{BB5FE1C4-0B27-493E-B5F4-694A10D411B5}"
EndProject
Project("{FAE04EC0-301F-11D3-BF4B-00C04F79EFBC}") = "DataAccess", "DataAccess\DataAccess.csproj", "{E8D13122-6BAB-47FC-A4B9-021A3C137AD2}"
EndProject
Project("{FAE04EC0-301F-11D3-BF4B-00C04F79EFBC}") = "Core", "Core\Core.csproj", "{915EAD6F-1831-4589-B276-D731B0FE7F0A}"
EndProject
Project("{FAE04EC0-301F-11D3-BF4B-00C04F79EFBC}") = "Web Api", "Web Api\Web Api.csproj", "{67782F06-3586-4662-9904-EA24AB525ADF}"
EndProject
Global
	GlobalSection(SolutionConfigurationPlatforms) = preSolution
		Debug|Any CPU = Debug|Any CPU
		Release|Any CPU = Release|Any CPU
	EndGlobalSection
	GlobalSection(ProjectConfigurationPlatforms) = postSolution
		{E9AAE5C9-615A-4B50-8C7F-DF75D04D3A50}.Debug|Any CPU.ActiveCfg = Debug|Any CPU
		{E9AAE5C9-615A-4B50-8C7F-DF75D04D3A50}.Debug|Any CPU.Build.0 = Debug|Any CPU
		{E9AAE5C9-615A-4B50-8C7F-DF75D04D3A50}.Release|Any CPU.ActiveCfg = Release|Any CPU
		{E9AAE5C9-615A-4B50-8C7F-DF75D04D3A50}.Release|Any CPU.Build.0 = Release|Any CPU
		{BB5FE1C4-0B27-493E-B5F4-694A10D411B5}.Debug|Any CPU.ActiveCfg = Debug|Any CPU
		{BB5FE1C4-0B27-493E-B5F4-694A10D411B5}.Debug|Any CPU.Build.0 = Debug|Any CPU
		{BB5FE1C4-0B27-493E-B5F4-694A10D411B5}.Release|Any CPU.ActiveCfg = Release|Any CPU
		{BB5FE1C4-0B27-493E-B5F4-694A10D411B5}.Release|Any CPU.Build.0 = Release|Any CPU
		{E8D13122-6BAB-47FC-A4B9-021A3C137AD2}.Debug|Any CPU.ActiveCfg = Debug|Any CPU
		{E8D13122-6BAB-47FC-A4B9-021A3C137AD2}.Debug|Any CPU.Build.0 = Debug|Any CPU
		{E8D13122-6BAB-47FC-A4B9-021A3C137AD2}.Release|Any CPU.ActiveCfg = Release|Any CPU
		{E8D13122-6BAB-47FC-A4B9-021A3C137AD2}.Release|Any CPU.Build.0 = Release|Any CPU
		{915EAD6F-1831-4589-B276-D731B0FE7F0A}.Debug|Any CPU.ActiveCfg = Debug|Any CPU
		{915EAD6F-1831-4589-B276-D731B0FE7F0A}.Debug|Any CPU.Build.0 = Debug|Any CPU
		{915EAD6F-1831-4589-B276-D731B0FE7F0A}.Release|Any CPU.ActiveCfg = Release|Any CPU
		{915EAD6F-1831-4589-B276-D731B0FE7F0A}.Release|Any CPU.Build.0 = Release|Any CPU
		{67782F06-3586-4662-9904-EA24AB525ADF}.Debug|Any CPU.ActiveCfg = Debug|Any CPU
		{67782F06-3586-4662-9904-EA24AB525ADF}.Debug|Any CPU.Build.0 = Debug|Any CPU
		{67782F06-3586-4662-9904-EA24AB525ADF}.Release|Any CPU.ActiveCfg = Release|Any CPU
		{67782F06-3586-4662-9904-EA24AB525ADF}.Release|Any CPU.Build.0 = Release|Any CPU
	EndGlobalSection
	GlobalSection(SolutionProperties) = preSolution
		HideSolutionNode = FALSE
	EndGlobalSection
	GlobalSection(ExtensibilityGlobals) = postSolution
		SolutionGuid = {B6CEF175-963D-4E23-997F-D97983D9C554}
	EndGlobalSection
EndGlobal
